
Microsoft Visual Studio Solution File, Format Version 12.00
# Visual Studio Version 17
VisualStudioVersion = 17.10.34916.146
MinimumVisualStudioVersion = 10.0.40219.1
Project("{FAE04EC0-301F-11D3-BF4B-00C04F79EFBC}") = "WebApplication5", "WebApplication5.csproj", "{A490DF48-8C73-4134-B256-3CB7A25AAA08}"
EndProject
Global
	GlobalSection(SolutionConfigurationPlatforms) = preSolution
		Debug|Any CPU = Debug|Any CPU
		Release|Any CPU = Release|Any CPU
	EndGlobalSection
	GlobalSection(ProjectConfigurationPlatforms) = postSolution
		{A490DF48-8C73-4134-B256-3CB7A25AAA08}.Debug|Any CPU.ActiveCfg = Debug|Any CPU
		{A490DF48-8C73-4134-B256-3CB7A25AAA08}.Debug|Any CPU.Build.0 = Debug|Any CPU
		{A490DF48-8C73-4134-B256-3CB7A25AAA08}.Release|Any CPU.ActiveCfg = Release|Any CPU
		{A490DF48-8C73-4134-B256-3CB7A25AAA08}.Release|Any CPU.Build.0 = Release|Any CPU
	EndGlobalSection
	GlobalSection(SolutionProperties) = preSolution
		HideSolutionNode = FALSE
	EndGlobalSection
	GlobalSection(ExtensibilityGlobals) = postSolution
		SolutionGuid = {2DEED541-F6A1-49D6-97DF-82738F75910D}
	EndGlobalSection
EndGlobal
